
Microsoft Visual Studio Solution File, Format Version 12.00
# Visual Studio 15
VisualStudioVersion = 15.0.28307.168
MinimumVisualStudioVersion = 10.0.40219.1
Project("{FAE04EC0-301F-11D3-BF4B-00C04F79EFBC}") = "Hello", "Hello\Hello.csproj", "{3A72CCB2-D73B-4740-9451-D14AE7F03979}"
EndProject
Global
	GlobalSection(SolutionConfigurationPlatforms) = preSolution
		Debug|Any CPU = Debug|Any CPU
		Release|Any CPU = Release|Any CPU
	EndGlobalSection
	GlobalSection(ProjectConfigurationPlatforms) = postSolution
		{3A72CCB2-D73B-4740-9451-D14AE7F03979}.Debug|Any CPU.ActiveCfg = Debug|Any CPU
		{3A72CCB2-D73B-4740-9451-D14AE7F03979}.Debug|Any CPU.Build.0 = Debug|Any CPU
		{3A72CCB2-D73B-4740-9451-D14AE7F03979}.Release|Any CPU.ActiveCfg = Release|Any CPU
		{3A72CCB2-D73B-4740-9451-D14AE7F03979}.Release|Any CPU.Build.0 = Release|Any CPU
	EndGlobalSection
	GlobalSection(SolutionProperties) = preSolution
		HideSolutionNode = FALSE
	EndGlobalSection
	GlobalSection(ExtensibilityGlobals) = postSolution
		SolutionGuid = {CBDD7E3D-60BB-4B52-A074-6CCAD2A9F8A9}
	EndGlobalSection
EndGlobal
